github.com/korovkin/limiter v0.0.0-20230307205149-3d4b2b34c99d h1:7CfsXfFpCG1wrUpuyOzG8+vpL1ZqH2goz23wZ9pboGE=
github.com/korovkin/limiter v0.0.0-20230307205149-3d4b2b34c99d/go.mod h1:3NeYeWwAOTnDChps1fD7YGD/uWzp+tqmShgjhhMIHDM=
golang.org/x/net v0.14.0 h1:BONx9s002vGdD9umnlX1Po8vOZmrgH34qlHcD1MfK14=
golang.org/x/net v0.14.0/go.mod h1:PpSgVXXLK0OxS0F31C1/tv6XNguvCrnXIDrFMspZIUI=
